id: mikes_oot_pub_sink_64bit
label: pub_sink_64bit
category: '[mikes_oot]'

templates:
  imports: from gnuradio import mikes_oot
  make: mikes_oot.pub_sink_64bit(${type.itemsize}, ${vlen}, ${address}, ${timeout}, ${pass_tags},
      ${hwm}, ${key}, ${drop_on_hwm})

parameters:
-   id: type
    label: IO Type
    dtype: enum
    options: [f64, fc64]
    option_labels: ['double', 'double complex']
    option_attributes:
        itemsize: [gr.sizeof_double, 2*gr.sizeof_double]
    hide: part
-   id: vlen
    label: Vector Length
    dtype: int
    default: '1'
    hide: ${ 'part' if vlen == 1 else 'none' }
-   id: address
    label: Address
    dtype: string
-   id: timeout
    label: Timeout (msec)
    dtype: float
    default: '100'
-   id: pass_tags
    label: Pass Tags
    dtype: enum
    default: 'False'
    options: ['True', 'False']
    option_labels: ['Yes', 'No']
-   id: hwm
    label: High Watermark
    dtype: int
    default: '-1'
    hide: ${ ('part' if hwm == -1 else 'none') }
-   id: key
    label: Filter Key
    dtype: string
    default: ''
-   id: drop_on_hwm
    category: Advanced
    label: On Full Buffer
    dtype: enum
    default: 'True'
    options: ['True', 'False']
    option_labels: ['Drop', 'Block']
    hide: 'part'

inputs:
-   domain: stream
    dtype: ${ type }
    vlen: ${ vlen }


#  'file_format' specifies the version of the GRC yml format used in the file
#  and should usually not be changed.
file_format: 1
